
Microsoft Visual Studio Solution File, Format Version 12.00
# Visual Studio 2012
Project("{FAE04EC0-301F-11D3-BF4B-00C04F79EFBC}") = "Loyalty.Core", "Loyalty.Core\Loyalty.Core.csproj", "{600B039C-E84D-4635-89C0-D6AC24A09041}"
EndProject
Project("{FAE04EC0-301F-11D3-BF4B-00C04F79EFBC}") = "Loyalty.Droid", "Loyalty.Droid\Loyalty.Droid.csproj", "{22073CD4-6D7C-4095-876B-ABF9E3F5B75F}"
EndProject
Project("{FAE04EC0-301F-11D3-BF4B-00C04F79EFBC}") = "Loyalty.iOS", "Loyalty.iOS\Loyalty.iOS.csproj", "{A405EB6B-EDED-47C1-9A87-AE1802E45967}"
EndProject
Global
	GlobalSection(SolutionConfigurationPlatforms) = preSolution
		Debug|Any CPU = Debug|Any CPU
		Release|Any CPU = Release|Any CPU
		Debug|iPhoneSimulator = Debug|iPhoneSimulator
		Release|iPhone = Release|iPhone
		Release|iPhoneSimulator = Release|iPhoneSimulator
		Debug|iPhone = Debug|iPhone
	EndGlobalSection
	GlobalSection(ProjectConfigurationPlatforms) = postSolution
		{600B039C-E84D-4635-89C0-D6AC24A09041}.Debug|Any CPU.ActiveCfg = Debug|Any CPU
		{600B039C-E84D-4635-89C0-D6AC24A09041}.Debug|Any CPU.Build.0 = Debug|Any CPU
		{600B039C-E84D-4635-89C0-D6AC24A09041}.Release|Any CPU.ActiveCfg = Release|Any CPU
		{600B039C-E84D-4635-89C0-D6AC24A09041}.Release|Any CPU.Build.0 = Release|Any CPU
		{600B039C-E84D-4635-89C0-D6AC24A09041}.Debug|iPhoneSimulator.ActiveCfg = Debug|Any CPU
		{600B039C-E84D-4635-89C0-D6AC24A09041}.Debug|iPhoneSimulator.Build.0 = Debug|Any CPU
		{600B039C-E84D-4635-89C0-D6AC24A09041}.Release|iPhone.ActiveCfg = Release|Any CPU
		{600B039C-E84D-4635-89C0-D6AC24A09041}.Release|iPhone.Build.0 = Release|Any CPU
		{600B039C-E84D-4635-89C0-D6AC24A09041}.Release|iPhoneSimulator.ActiveCfg = Release|Any CPU
		{600B039C-E84D-4635-89C0-D6AC24A09041}.Release|iPhoneSimulator.Build.0 = Release|Any CPU
		{600B039C-E84D-4635-89C0-D6AC24A09041}.Debug|iPhone.ActiveCfg = Debug|Any CPU
		{600B039C-E84D-4635-89C0-D6AC24A09041}.Debug|iPhone.Build.0 = Debug|Any CPU
		{22073CD4-6D7C-4095-876B-ABF9E3F5B75F}.Debug|Any CPU.ActiveCfg = Debug|Any CPU
		{22073CD4-6D7C-4095-876B-ABF9E3F5B75F}.Debug|Any CPU.Build.0 = Debug|Any CPU
		{22073CD4-6D7C-4095-876B-ABF9E3F5B75F}.Release|Any CPU.ActiveCfg = Release|Any CPU
		{22073CD4-6D7C-4095-876B-ABF9E3F5B75F}.Release|Any CPU.Build.0 = Release|Any CPU
		{22073CD4-6D7C-4095-876B-ABF9E3F5B75F}.Debug|iPhoneSimulator.ActiveCfg = Debug|Any CPU
		{22073CD4-6D7C-4095-876B-ABF9E3F5B75F}.Release|iPhone.ActiveCfg = Release|Any CPU
		{22073CD4-6D7C-4095-876B-ABF9E3F5B75F}.Release|iPhoneSimulator.ActiveCfg = Release|Any CPU
		{22073CD4-6D7C-4095-876B-ABF9E3F5B75F}.Debug|iPhone.ActiveCfg = Debug|Any CPU
		{A405EB6B-EDED-47C1-9A87-AE1802E45967}.Debug|Any CPU.ActiveCfg = Debug|iPhoneSimulator
		{A405EB6B-EDED-47C1-9A87-AE1802E45967}.Release|Any CPU.ActiveCfg = Release|iPhone
		{A405EB6B-EDED-47C1-9A87-AE1802E45967}.Debug|iPhoneSimulator.ActiveCfg = Debug|iPhoneSimulator
		{A405EB6B-EDED-47C1-9A87-AE1802E45967}.Debug|iPhoneSimulator.Build.0 = Debug|iPhoneSimulator
		{A405EB6B-EDED-47C1-9A87-AE1802E45967}.Release|iPhone.ActiveCfg = Release|iPhone
		{A405EB6B-EDED-47C1-9A87-AE1802E45967}.Release|iPhone.Build.0 = Release|iPhone
		{A405EB6B-EDED-47C1-9A87-AE1802E45967}.Release|iPhoneSimulator.ActiveCfg = Release|iPhoneSimulator
		{A405EB6B-EDED-47C1-9A87-AE1802E45967}.Release|iPhoneSimulator.Build.0 = Release|iPhoneSimulator
		{A405EB6B-EDED-47C1-9A87-AE1802E45967}.Debug|iPhone.ActiveCfg = Debug|iPhone
		{A405EB6B-EDED-47C1-9A87-AE1802E45967}.Debug|iPhone.Build.0 = Debug|iPhone
	EndGlobalSection
EndGlobal
